
Microsoft Visual Studio Solution File, Format Version 12.00
# Visual Studio Version 17
VisualStudioVersion = 17.0.31903.59
MinimumVisualStudioVersion = 10.0.40219.1
Project("{FAE04EC0-301F-11D3-BF4B-00C04F79EFBC}") = "operador condicional", "operador condicional\operador condicional.csproj", "{F60CE1B8-DEF4-40CE-AE2E-4E82A6E9EB1A}"
EndProject
Project("{FAE04EC0-301F-11D3-BF4B-00C04F79EFBC}") = "aprendendo switch case", "aprendendo switch case\aprendendo switch case.csproj", "{82540B7F-35A7-4729-822E-55AD1C284A33}"
EndProject
Project("{FAE04EC0-301F-11D3-BF4B-00C04F79EFBC}") = "operador OR na pratica", "operador OR na pratica\operador OR na pratica.csproj", "{F16360E0-E4D5-4E34-B799-7D19B27DB4F0}"
EndProject
Global
	GlobalSection(SolutionConfigurationPlatforms) = preSolution
		Debug|Any CPU = Debug|Any CPU
		Release|Any CPU = Release|Any CPU
	EndGlobalSection
	GlobalSection(SolutionProperties) = preSolution
		HideSolutionNode = FALSE
	EndGlobalSection
	GlobalSection(ProjectConfigurationPlatforms) = postSolution
		{F60CE1B8-DEF4-40CE-AE2E-4E82A6E9EB1A}.Debug|Any CPU.ActiveCfg = Debug|Any CPU
		{F60CE1B8-DEF4-40CE-AE2E-4E82A6E9EB1A}.Debug|Any CPU.Build.0 = Debug|Any CPU
		{F60CE1B8-DEF4-40CE-AE2E-4E82A6E9EB1A}.Release|Any CPU.ActiveCfg = Release|Any CPU
		{F60CE1B8-DEF4-40CE-AE2E-4E82A6E9EB1A}.Release|Any CPU.Build.0 = Release|Any CPU
		{82540B7F-35A7-4729-822E-55AD1C284A33}.Debug|Any CPU.ActiveCfg = Debug|Any CPU
		{82540B7F-35A7-4729-822E-55AD1C284A33}.Debug|Any CPU.Build.0 = Debug|Any CPU
		{82540B7F-35A7-4729-822E-55AD1C284A33}.Release|Any CPU.ActiveCfg = Release|Any CPU
		{82540B7F-35A7-4729-822E-55AD1C284A33}.Release|Any CPU.Build.0 = Release|Any CPU
		{F16360E0-E4D5-4E34-B799-7D19B27DB4F0}.Debug|Any CPU.ActiveCfg = Debug|Any CPU
		{F16360E0-E4D5-4E34-B799-7D19B27DB4F0}.Debug|Any CPU.Build.0 = Debug|Any CPU
		{F16360E0-E4D5-4E34-B799-7D19B27DB4F0}.Release|Any CPU.ActiveCfg = Release|Any CPU
		{F16360E0-E4D5-4E34-B799-7D19B27DB4F0}.Release|Any CPU.Build.0 = Release|Any CPU
	EndGlobalSection
EndGlobal
